
Microsoft Visual Studio Solution File, Format Version 12.00
# Visual Studio Version 17
VisualStudioVersion = 17.10.35013.160
MinimumVisualStudioVersion = 10.0.40219.1
Project("{FAE04EC0-301F-11D3-BF4B-00C04F79EFBC}") = "Aguadulce", "Aguadulce.csproj", "{247106EA-8C43-422C-8DA3-4396E824198F}"
EndProject
Global
	GlobalSection(SolutionConfigurationPlatforms) = preSolution
		Debug|Any CPU = Debug|Any CPU
		Release|Any CPU = Release|Any CPU
	EndGlobalSection
	GlobalSection(ProjectConfigurationPlatforms) = postSolution
		{247106EA-8C43-422C-8DA3-4396E824198F}.Debug|Any CPU.ActiveCfg = Debug|Any CPU
		{247106EA-8C43-422C-8DA3-4396E824198F}.Debug|Any CPU.Build.0 = Debug|Any CPU
		{247106EA-8C43-422C-8DA3-4396E824198F}.Release|Any CPU.ActiveCfg = Release|Any CPU
		{247106EA-8C43-422C-8DA3-4396E824198F}.Release|Any CPU.Build.0 = Release|Any CPU
	EndGlobalSection
	GlobalSection(SolutionProperties) = preSolution
		HideSolutionNode = FALSE
	EndGlobalSection
	GlobalSection(ExtensibilityGlobals) = postSolution
		SolutionGuid = {C881F4CF-2F21-4C8F-9334-AF1FF4AEACA8}
	EndGlobalSection
EndGlobal
